
Microsoft Visual Studio Solution File, Format Version 12.00
# Visual Studio Version 17
VisualStudioVersion = 17.4.33213.308
MinimumVisualStudioVersion = 10.0.40219.1
Project("{9A19103F-16F7-4668-BE54-9A1E7A4F7556}") = "QuestionnaireLibrary", "Questionnaire\QuestionnaireLibrary.csproj", "{CCDDC8D0-5357-4F1B-9D60-BC7801B18CF3}"
EndProject
Project("{9A19103F-16F7-4668-BE54-9A1E7A4F7556}") = "DemoApp", "DemoApp\DemoApp.csproj", "{A06CC0F2-4B98-4170-8642-076FC80C3312}"
EndProject
Project("{9A19103F-16F7-4668-BE54-9A1E7A4F7556}") = "ConsoleApp", "ConsoleApp\ConsoleApp.csproj", "{BC994199-F2B4-4CBE-8C1F-3A358E44AE25}"
EndProject
Project("{9A19103F-16F7-4668-BE54-9A1E7A4F7556}") = "TriviaApiLibrary", "TriviaApiLibrary\TriviaApiLibrary.csproj", "{3398CA58-6EAD-4642-A480-58C5B8FDF3C8}"
EndProject
Global
	GlobalSection(SolutionConfigurationPlatforms) = preSolution
		Debug|Any CPU = Debug|Any CPU
		Release|Any CPU = Release|Any CPU
	EndGlobalSection
	GlobalSection(ProjectConfigurationPlatforms) = postSolution
		{CCDDC8D0-5357-4F1B-9D60-BC7801B18CF3}.Debug|Any CPU.ActiveCfg = Debug|Any CPU
		{CCDDC8D0-5357-4F1B-9D60-BC7801B18CF3}.Debug|Any CPU.Build.0 = Debug|Any CPU
		{CCDDC8D0-5357-4F1B-9D60-BC7801B18CF3}.Release|Any CPU.ActiveCfg = Release|Any CPU
		{CCDDC8D0-5357-4F1B-9D60-BC7801B18CF3}.Release|Any CPU.Build.0 = Release|Any CPU
		{A06CC0F2-4B98-4170-8642-076FC80C3312}.Debug|Any CPU.ActiveCfg = Debug|Any CPU
		{A06CC0F2-4B98-4170-8642-076FC80C3312}.Debug|Any CPU.Build.0 = Debug|Any CPU
		{A06CC0F2-4B98-4170-8642-076FC80C3312}.Release|Any CPU.ActiveCfg = Release|Any CPU
		{A06CC0F2-4B98-4170-8642-076FC80C3312}.Release|Any CPU.Build.0 = Release|Any CPU
		{BC994199-F2B4-4CBE-8C1F-3A358E44AE25}.Debug|Any CPU.ActiveCfg = Debug|Any CPU
		{BC994199-F2B4-4CBE-8C1F-3A358E44AE25}.Debug|Any CPU.Build.0 = Debug|Any CPU
		{BC994199-F2B4-4CBE-8C1F-3A358E44AE25}.Release|Any CPU.ActiveCfg = Release|Any CPU
		{BC994199-F2B4-4CBE-8C1F-3A358E44AE25}.Release|Any CPU.Build.0 = Release|Any CPU
		{3398CA58-6EAD-4642-A480-58C5B8FDF3C8}.Debug|Any CPU.ActiveCfg = Debug|Any CPU
		{3398CA58-6EAD-4642-A480-58C5B8FDF3C8}.Debug|Any CPU.Build.0 = Debug|Any CPU
		{3398CA58-6EAD-4642-A480-58C5B8FDF3C8}.Release|Any CPU.ActiveCfg = Release|Any CPU
		{3398CA58-6EAD-4642-A480-58C5B8FDF3C8}.Release|Any CPU.Build.0 = Release|Any CPU
	EndGlobalSection
	GlobalSection(SolutionProperties) = preSolution
		HideSolutionNode = FALSE
	EndGlobalSection
	GlobalSection(ExtensibilityGlobals) = postSolution
		SolutionGuid = {38E6737F-8FE4-441B-B973-F2B3C82C1819}
	EndGlobalSection
EndGlobal
